{
    "version": 3,
    "terraform_version": "0.11.14",
    "serial": 8,
    "lineage": "750dc2fa-c62b-50c3-88d5-bf10b844877a",
    "modules": [
        {
            "path": [
                "root"
            ],
            "outputs": {},
            "resources": {},
            "depends_on": []
        },
        {
            "path": [
                "root",
                "resources"
            ],
            "outputs": {},
            "resources": {
                "aws_cloudwatch_event_rule.kenoby_rule": {
                    "type": "aws_cloudwatch_event_rule",
                    "depends_on": [],
                    "primary": {
                        "id": "scrape-jobs-cron-kenoby",
                        "attributes": {
                            "arn": "arn:aws:events:us-east-1:094598337505:rule/scrape-jobs-cron-kenoby",
                            "description": "Fires at 12h and 19h",
                            "id": "scrape-jobs-cron-kenoby",
                            "is_enabled": "true",
                            "name": "scrape-jobs-cron-kenoby",
                            "role_arn": "",
                            "schedule_expression": "cron(31 15,22 * * ? *)",
                            "tags.%": "0"
                        },
                        "meta": {},
                        "tainted": false
                    },
                    "deposed": [],
                    "provider": "provider.aws"
                },
                "aws_cloudwatch_event_target.kenoby_target": {
                    "type": "aws_cloudwatch_event_target",
                    "depends_on": [
                        "aws_cloudwatch_event_rule.kenoby_rule",
                        "data.aws_lambda_function.scrape_jobs"
                    ],
                    "primary": {
                        "id": "scrape-jobs-cron-kenoby-kenoby_rule",
                        "attributes": {
                            "arn": "arn:aws:lambda:us-east-1:094598337505:function:jobs-gathering-service-dev-scrape-jobs",
                            "id": "scrape-jobs-cron-kenoby-kenoby_rule",
                            "input": "",
                            "input_path": "",
                            "role_arn": "",
                            "rule": "scrape-jobs-cron-kenoby",
                            "target_id": "kenoby_rule"
                        },
                        "meta": {},
                        "tainted": false
                    },
                    "deposed": [],
                    "provider": "provider.aws"
                },
                "aws_dynamodb_table.jobs": {
                    "type": "aws_dynamodb_table",
                    "depends_on": [
                        "local.jobsTable"
                    ],
                    "primary": {
                        "id": "jobs_dev",
                        "attributes": {
                            "arn": "arn:aws:dynamodb:us-east-1:094598337505:table/jobs_dev",
                            "attribute.#": "3",
                            "attribute.1586370817.name": "source",
                            "attribute.1586370817.type": "S",
                            "attribute.2789690194.name": "url",
                            "attribute.2789690194.type": "S",
                            "attribute.3499526980.name": "creationTime",
                            "attribute.3499526980.type": "N",
                            "billing_mode": "PROVISIONED",
                            "global_secondary_index.#": "1",
                            "global_secondary_index.3109566808.hash_key": "source",
                            "global_secondary_index.3109566808.name": "sourceIndex",
                            "global_secondary_index.3109566808.non_key_attributes.#": "4",
                            "global_secondary_index.3109566808.non_key_attributes.0": "snippet",
                            "global_secondary_index.3109566808.non_key_attributes.1": "url",
                            "global_secondary_index.3109566808.non_key_attributes.2": "creationTime",
                            "global_secondary_index.3109566808.non_key_attributes.3": "title",
                            "global_secondary_index.3109566808.projection_type": "INCLUDE",
                            "global_secondary_index.3109566808.range_key": "creationTime",
                            "global_secondary_index.3109566808.read_capacity": "20",
                            "global_secondary_index.3109566808.write_capacity": "1",
                            "hash_key": "url",
                            "id": "jobs_dev",
                            "local_secondary_index.#": "0",
                            "name": "jobs_dev",
                            "point_in_time_recovery.#": "1",
                            "point_in_time_recovery.0.enabled": "false",
                            "read_capacity": "20",
                            "server_side_encryption.#": "0",
                            "stream_arn": "",
                            "stream_enabled": "false",
                            "stream_label": "",
                            "stream_view_type": "",
                            "tags.%": "0",
                            "ttl.#": "1",
                            "ttl.0.attribute_name": "expirationTime",
                            "ttl.0.enabled": "true",
                            "write_capacity": "1"
                        },
                        "meta": {
                            "e2bfb730-ecaa-11e6-8f88-34363bc7c4c0": {
                                "create": 600000000000,
                                "delete": 600000000000,
                                "update": 3600000000000
                            },
                            "schema_version": "1"
                        },
                        "tainted": false
                    },
                    "deposed": [],
                    "provider": "provider.aws"
                },
                "data.aws_lambda_function.scrape_jobs": {
                    "type": "aws_lambda_function",
                    "depends_on": [],
                    "primary": {
                        "id": "jobs-gathering-service-dev-scrape-jobs",
                        "attributes": {
                            "arn": "arn:aws:lambda:us-east-1:094598337505:function:jobs-gathering-service-dev-scrape-jobs",
                            "dead_letter_config.#": "0",
                            "description": "",
                            "environment.#": "1",
                            "environment.0.variables.%": "2",
                            "environment.0.variables.AWS_NODEJS_CONNECTION_REUSE_ENABLED": "1",
                            "environment.0.variables.NODE_ENV": "dev",
                            "function_name": "jobs-gathering-service-dev-scrape-jobs",
                            "handler": "dist/handlers.scrapeJobsHandler",
                            "id": "jobs-gathering-service-dev-scrape-jobs",
                            "invoke_arn": "arn:aws:apigateway:us-east-1:lambda:path/2015-03-31/functions/arn:aws:lambda:us-east-1:094598337505:function:jobs-gathering-service-dev-scrape-jobs/invocations",
                            "kms_key_arn": "",
                            "last_modified": "2019-11-02T01:38:32.763+0000",
                            "layers.#": "0",
                            "memory_size": "128",
                            "qualified_arn": "arn:aws:lambda:us-east-1:094598337505:function:jobs-gathering-service-dev-scrape-jobs:$LATEST",
                            "reserved_concurrent_executions": "-1",
                            "role": "arn:aws:iam::094598337505:role/jobs-gathering-service-dev-us-east-1-lambdaRole",
                            "runtime": "nodejs10.x",
                            "source_code_hash": "DGwxsmBnRVPa/o2FI61PNYbZ/E+mxzTj+2l3AYg16Qg=",
                            "source_code_size": "1292344",
                            "tags.%": "1",
                            "tags.STAGE": "dev",
                            "timeout": "120",
                            "tracing_config.#": "1",
                            "tracing_config.0.mode": "PassThrough",
                            "version": "$LATEST",
                            "vpc_config.#": "0"
                        },
                        "meta": {},
                        "tainted": false
                    },
                    "deposed": [],
                    "provider": "provider.aws"
                }
            },
            "depends_on": []
        }
    ]
}
