{
    "version": 3,
    "terraform_version": "0.11.14",
    "serial": 3,
    "lineage": "750dc2fa-c62b-50c3-88d5-bf10b844877a",
    "modules": [
        {
            "path": [
                "root"
            ],
            "outputs": {},
            "resources": {},
            "depends_on": []
        },
        {
            "path": [
                "root",
                "resources"
            ],
            "outputs": {},
            "resources": {
                "aws_dynamodb_table.jobs": {
                    "type": "aws_dynamodb_table",
                    "depends_on": [
                        "local.jobsTable"
                    ],
                    "primary": {
                        "id": "jobs_dev",
                        "attributes": {
                            "arn": "arn:aws:dynamodb:us-east-1:094598337505:table/jobs_dev",
                            "attribute.#": "1",
                            "attribute.2789690194.name": "url",
                            "attribute.2789690194.type": "S",
                            "billing_mode": "PROVISIONED",
                            "global_secondary_index.#": "0",
                            "hash_key": "url",
                            "id": "jobs_dev",
                            "local_secondary_index.#": "0",
                            "name": "jobs_dev",
                            "point_in_time_recovery.#": "1",
                            "point_in_time_recovery.0.enabled": "false",
                            "read_capacity": "20",
                            "server_side_encryption.#": "0",
                            "stream_arn": "",
                            "stream_enabled": "false",
                            "stream_label": "",
                            "stream_view_type": "",
                            "tags.%": "0",
                            "ttl.#": "1",
                            "ttl.0.attribute_name": "expirationTime",
                            "ttl.0.enabled": "true",
                            "write_capacity": "1"
                        },
                        "meta": {
                            "e2bfb730-ecaa-11e6-8f88-34363bc7c4c0": {
                                "create": 600000000000,
                                "delete": 600000000000,
                                "update": 3600000000000
                            },
                            "schema_version": "1"
                        },
                        "tainted": false
                    },
                    "deposed": [],
                    "provider": "provider.aws"
                }
            },
            "depends_on": []
        }
    ]
}
